# auto-generated by grc.converter

id: ccsds_pack_bit_to_bytes
label: pack_bit_to_bytes
category: '[ccsds]'

parameters:
-   id: '...'
    label: '...'
    dtype: '...'

inputs:
-   domain: stream
    dtype: ''

outputs:
-   domain: stream
    dtype: ''

templates:
    imports: import ccsds
    make: ccsds.pack_bit_to_bytes()

file_format: 1
