# auto-generated by grc.converter

id: ccsds_byte_to_softbits_bf
label: byte_to_softbits_bf
category: '[ccsds]'

parameters:
-   id: '...'
    label: '...'
    dtype: '...'

inputs:
-   domain: stream
    dtype: ''

outputs:
-   domain: stream
    dtype: ''

templates:
    imports: import ccsds
    make: ccsds.byte_to_softbits_bf(${initial_n0})

file_format: 1
