# auto-generated by grc.converter

id: ccsds_add_asm
label: Add ASM (CCSDS)
category: CCSDS/Sender

parameters:
-   id: ASM
    label: Sync Marker
    dtype: string
    default: '''1ACFFC1D'''
-   id: frame_len
    label: Frame data length
    dtype: int

inputs:
-   domain: message
    id: in

outputs:
-   domain: message
    id: out
asserts:
- ${ len(ASM)%2 == 0 }
- ${ frame_len > 0 }

templates:
    imports: import ccsds
    make: ccsds.add_asm(${ASM},${frame_len})

documentation: |-
    Add ASM
    Take a raw frame as input and output the ASM followed by the raw frame data.

    Sync Marker: Hexadecimal representation of the ASM. Must be of odd length as the
    ASM must be an integer number of bytes.

    Frame data length: Length of the frame data (excluding the ASM) in bytes.

file_format: 1
