# auto-generated by grc.converter

id: ccsds_soft_to_hard_message
label: Softbit PDU to Hardbyte PDU
category: '[ccsds]/Conversion'

inputs:
-   domain: message
    id: in

outputs:
-   domain: message
    id: out

templates:
    imports: import ccsds
    make: ccsds.soft_to_hard_message()

documentation: |-
    Convert PDU with softbit payload to PDU with hardbits (compacted to bytes) payload.

file_format: 1
