# auto-generated by grc.converter

id: ccsds_pll_cc
label: PLL (CCSDS)
category: CCSDS/Receiver/Synchronization

parameters:
-   id: M
    label: M
    dtype: int
    default: '8'
-   id: BL
    label: Loopbandwidth
    dtype: real

inputs:
-   domain: stream
    dtype: complex

outputs:
-   domain: stream
    dtype: complex
-   domain: message
    id: freq
    optional: true
asserts:
- ${ M >= 1 }

templates:
    imports: import gnuradio.ccsds as ccsds
    make: ccsds.pll_cc(${M}, ${BL})

documentation: |-
    Phase locked loop for M-PSK symbols.

    M: Number of modulation symbols.
    If M=1: A plain carrier will be synchronized.

file_format: 1
