# auto-generated by grc.converter

id: variable_constellation_ccsds
label: Constellation (CCSDS)
category: ccsds
flags:
- show_id

parameters:
-   id: type
    label: Constellation Type
    dtype: enum
    options: [bpsk, qpsk]
    option_labels: [BPSK, QPSK]
value: ${ value }

templates:
    imports: import ccsds
    var_make: self.${id} = ${id} = ccsds.constellation_ccsds_${type}().base()

file_format: 1
