# auto-generated by grc.converter

id: ccsds_message_info
label: message_info
category: '[ccsds]'

parameters:
-   id: prefix
    label: Prefix
    dtype: ''
    default: '"Message info: "'
-   id: mode
    label: Mode
    dtype: enum
    default: ccsds.MESSAGE_INFO_COMPACT
    options: [ccsds.MESSAGE_INFO_SILENT, ccsds.MESSAGE_INFO_COMPACT, ccsds.MESSAGE_INFO_FULL]
    option_labels: [Silent, Compact, Full]
    option_attributes:
        fcn: [ccsds.MESSAGE_INFO_SILENT, ccsds.MESSAGE_INFO_COMPACT, ccsds.MESSAGE_INFO_FULL]

inputs:
-   domain: message
    id: in

templates:
    imports: import ccsds
    make: ccsds.message_info(${prefix}, ${mode})

documentation: |-
    Print out messages with a timestamp.

    Prefix: String that will be written before the data line(s)

    Modes:
     - Silent:  Do not write anything
     - Compact: Write one line summary of the message
     - Full:    Write full content of the message

file_format: 1
