# auto-generated by grc.converter

id: ccsds_block_prefix_bb
label: block_prefix_bb
category: '[ccsds]'

parameters:
-   id: '...'
    label: '...'
    dtype: '...'

inputs:
-   domain: stream
    dtype: ''

outputs:
-   domain: stream
    dtype: ''

templates:
    imports: import gnuradio.ccsds as ccsds
    make: ccsds.block_prefix_bb(${asm_hex}, ${block_len})

file_format: 1
